
Microsoft Visual Studio Solution File, Format Version 12.00
# Visual Studio Version 17
VisualStudioVersion = 17.11.35327.3
MinimumVisualStudioVersion = 10.0.40219.1
Project("{FAE04EC0-301F-11D3-BF4B-00C04F79EFBC}") = "OrderApi.Domain", "OrderApi.Domain\OrderApi.Domain.csproj", "{AFDDFE3C-D33F-4EE9-A7D7-FFDA465C69C8}"
EndProject
Project("{FAE04EC0-301F-11D3-BF4B-00C04F79EFBC}") = "OrderApi.Application", "OrderApi.Application\OrderApi.Application.csproj", "{59AE9E65-7D91-4E2B-80B6-30BB1711CE39}"
EndProject
Project("{FAE04EC0-301F-11D3-BF4B-00C04F79EFBC}") = "OrderApi.Infrastructure", "OrderApi.Infrastructure\OrderApi.Infrastructure.csproj", "{968EB642-BB0F-4FBC-87BA-7DC81112FEB9}"
EndProject
Project("{FAE04EC0-301F-11D3-BF4B-00C04F79EFBC}") = "OrderApi.Presentation", "OrderApi.Presentation\OrderApi.Presentation.csproj", "{A3221A06-5E23-41D9-A3AB-8985ADC3CAC5}"
EndProject
Project("{9A19103F-16F7-4668-BE54-9A1E7A4F7556}") = "Ecommerce.SharedLibrary", "..\EcommerceMicro.SharedLibrarySolution\Ecommerce.SharedLibrary\Ecommerce.SharedLibrary.csproj", "{D4BD7E34-E40F-4639-90D7-8684706B2891}"
EndProject
Global
	GlobalSection(SolutionConfigurationPlatforms) = preSolution
		Debug|Any CPU = Debug|Any CPU
		Release|Any CPU = Release|Any CPU
	EndGlobalSection
	GlobalSection(ProjectConfigurationPlatforms) = postSolution
		{AFDDFE3C-D33F-4EE9-A7D7-FFDA465C69C8}.Debug|Any CPU.ActiveCfg = Debug|Any CPU
		{AFDDFE3C-D33F-4EE9-A7D7-FFDA465C69C8}.Debug|Any CPU.Build.0 = Debug|Any CPU
		{AFDDFE3C-D33F-4EE9-A7D7-FFDA465C69C8}.Release|Any CPU.ActiveCfg = Release|Any CPU
		{AFDDFE3C-D33F-4EE9-A7D7-FFDA465C69C8}.Release|Any CPU.Build.0 = Release|Any CPU
		{59AE9E65-7D91-4E2B-80B6-30BB1711CE39}.Debug|Any CPU.ActiveCfg = Debug|Any CPU
		{59AE9E65-7D91-4E2B-80B6-30BB1711CE39}.Debug|Any CPU.Build.0 = Debug|Any CPU
		{59AE9E65-7D91-4E2B-80B6-30BB1711CE39}.Release|Any CPU.ActiveCfg = Release|Any CPU
		{59AE9E65-7D91-4E2B-80B6-30BB1711CE39}.Release|Any CPU.Build.0 = Release|Any CPU
		{968EB642-BB0F-4FBC-87BA-7DC81112FEB9}.Debug|Any CPU.ActiveCfg = Debug|Any CPU
		{968EB642-BB0F-4FBC-87BA-7DC81112FEB9}.Debug|Any CPU.Build.0 = Debug|Any CPU
		{968EB642-BB0F-4FBC-87BA-7DC81112FEB9}.Release|Any CPU.ActiveCfg = Release|Any CPU
		{968EB642-BB0F-4FBC-87BA-7DC81112FEB9}.Release|Any CPU.Build.0 = Release|Any CPU
		{A3221A06-5E23-41D9-A3AB-8985ADC3CAC5}.Debug|Any CPU.ActiveCfg = Debug|Any CPU
		{A3221A06-5E23-41D9-A3AB-8985ADC3CAC5}.Debug|Any CPU.Build.0 = Debug|Any CPU
		{A3221A06-5E23-41D9-A3AB-8985ADC3CAC5}.Release|Any CPU.ActiveCfg = Release|Any CPU
		{A3221A06-5E23-41D9-A3AB-8985ADC3CAC5}.Release|Any CPU.Build.0 = Release|Any CPU
		{D4BD7E34-E40F-4639-90D7-8684706B2891}.Debug|Any CPU.ActiveCfg = Debug|Any CPU
		{D4BD7E34-E40F-4639-90D7-8684706B2891}.Debug|Any CPU.Build.0 = Debug|Any CPU
		{D4BD7E34-E40F-4639-90D7-8684706B2891}.Release|Any CPU.ActiveCfg = Release|Any CPU
		{D4BD7E34-E40F-4639-90D7-8684706B2891}.Release|Any CPU.Build.0 = Release|Any CPU
	EndGlobalSection
	GlobalSection(SolutionProperties) = preSolution
		HideSolutionNode = FALSE
	EndGlobalSection
	GlobalSection(ExtensibilityGlobals) = postSolution
		SolutionGuid = {C7F23435-A591-4E6C-851E-3AEEFA9E7E31}
	EndGlobalSection
EndGlobal
