
Microsoft Visual Studio Solution File, Format Version 12.00
# Visual Studio Version 17
VisualStudioVersion = 17.11.35327.3
MinimumVisualStudioVersion = 10.0.40219.1
Project("{FAE04EC0-301F-11D3-BF4B-00C04F79EFBC}") = "AuthenticationApi.Domain", "AuthenticationApi.Domain\AuthenticationApi.Domain.csproj", "{B2285475-6BDD-435A-9386-BAEBD7CE6370}"
EndProject
Project("{FAE04EC0-301F-11D3-BF4B-00C04F79EFBC}") = "AuthenticationApi.Infrastructure", "AuthenticationApi.Infrastructure\AuthenticationApi.Infrastructure.csproj", "{0062BA8E-2E5B-4B86-8319-00BA8CCC234E}"
EndProject
Project("{FAE04EC0-301F-11D3-BF4B-00C04F79EFBC}") = "AuthenticationApi.Application", "AuthenticationApi.Application\AuthenticationApi.Application.csproj", "{E3D21A6D-F9EE-43B1-B983-300E8A2DB823}"
EndProject
Project("{FAE04EC0-301F-11D3-BF4B-00C04F79EFBC}") = "AuthenticationApi.Presentation", "AuthenticationApi.Presentation\AuthenticationApi.Presentation.csproj", "{D84C18FB-5711-4538-B14D-2E59ECD1E32D}"
EndProject
Project("{9A19103F-16F7-4668-BE54-9A1E7A4F7556}") = "Ecommerce.SharedLibrary", "..\EcommerceMicro.SharedLibrarySolution\Ecommerce.SharedLibrary\Ecommerce.SharedLibrary.csproj", "{6653C6F2-C67B-477C-BE21-427080F4A937}"
EndProject
Global
	GlobalSection(SolutionConfigurationPlatforms) = preSolution
		Debug|Any CPU = Debug|Any CPU
		Release|Any CPU = Release|Any CPU
	EndGlobalSection
	GlobalSection(ProjectConfigurationPlatforms) = postSolution
		{B2285475-6BDD-435A-9386-BAEBD7CE6370}.Debug|Any CPU.ActiveCfg = Debug|Any CPU
		{B2285475-6BDD-435A-9386-BAEBD7CE6370}.Debug|Any CPU.Build.0 = Debug|Any CPU
		{B2285475-6BDD-435A-9386-BAEBD7CE6370}.Release|Any CPU.ActiveCfg = Release|Any CPU
		{B2285475-6BDD-435A-9386-BAEBD7CE6370}.Release|Any CPU.Build.0 = Release|Any CPU
		{0062BA8E-2E5B-4B86-8319-00BA8CCC234E}.Debug|Any CPU.ActiveCfg = Debug|Any CPU
		{0062BA8E-2E5B-4B86-8319-00BA8CCC234E}.Debug|Any CPU.Build.0 = Debug|Any CPU
		{0062BA8E-2E5B-4B86-8319-00BA8CCC234E}.Release|Any CPU.ActiveCfg = Release|Any CPU
		{0062BA8E-2E5B-4B86-8319-00BA8CCC234E}.Release|Any CPU.Build.0 = Release|Any CPU
		{E3D21A6D-F9EE-43B1-B983-300E8A2DB823}.Debug|Any CPU.ActiveCfg = Debug|Any CPU
		{E3D21A6D-F9EE-43B1-B983-300E8A2DB823}.Debug|Any CPU.Build.0 = Debug|Any CPU
		{E3D21A6D-F9EE-43B1-B983-300E8A2DB823}.Release|Any CPU.ActiveCfg = Release|Any CPU
		{E3D21A6D-F9EE-43B1-B983-300E8A2DB823}.Release|Any CPU.Build.0 = Release|Any CPU
		{D84C18FB-5711-4538-B14D-2E59ECD1E32D}.Debug|Any CPU.ActiveCfg = Debug|Any CPU
		{D84C18FB-5711-4538-B14D-2E59ECD1E32D}.Debug|Any CPU.Build.0 = Debug|Any CPU
		{D84C18FB-5711-4538-B14D-2E59ECD1E32D}.Release|Any CPU.ActiveCfg = Release|Any CPU
		{D84C18FB-5711-4538-B14D-2E59ECD1E32D}.Release|Any CPU.Build.0 = Release|Any CPU
		{6653C6F2-C67B-477C-BE21-427080F4A937}.Debug|Any CPU.ActiveCfg = Debug|Any CPU
		{6653C6F2-C67B-477C-BE21-427080F4A937}.Debug|Any CPU.Build.0 = Debug|Any CPU
		{6653C6F2-C67B-477C-BE21-427080F4A937}.Release|Any CPU.ActiveCfg = Release|Any CPU
		{6653C6F2-C67B-477C-BE21-427080F4A937}.Release|Any CPU.Build.0 = Release|Any CPU
	EndGlobalSection
	GlobalSection(SolutionProperties) = preSolution
		HideSolutionNode = FALSE
	EndGlobalSection
	GlobalSection(ExtensibilityGlobals) = postSolution
		SolutionGuid = {B90FE74D-8121-441C-8DBD-F69A88C000CE}
	EndGlobalSection
EndGlobal
